// !$*UTF8*$!
{
	archiveVersion = 1;
	classes = {
	};
	objectVersion = 77;
	objects = {

/* Begin PBXBuildFile section */
		F34794092E27B05D00F21D47 /* Auth in Frameworks */ = {isa = PBXBuildFile; productRef = F34794082E27B05D00F21D47 /* Auth */; };
		F347940B2E27B05D00F21D47 /* Functions in Frameworks */ = {isa = PBXBuildFile; productRef = F347940A2E27B05D00F21D47 /* Functions */; };
		F347940D2E27B05D00F21D47 /* PostgREST in Frameworks */ = {isa = PBXBuildFile; productRef = F347940C2E27B05D00F21D47 /* PostgREST */; };
		F347940F2E27B05D00F21D47 /* Realtime in Frameworks */ = {isa = PBXBuildFile; productRef = F347940E2E27B05D00F21D47 /* Realtime */; };
		F34794112E27B05D00F21D47 /* Storage in Frameworks */ = {isa = PBXBuildFile; productRef = F34794102E27B05D00F21D47 /* Storage */; };
		F34794542E28F0A600F21D47 /* Supabase in Frameworks */ = {isa = PBXBuildFile; productRef = F34794532E28F0A600F21D47 /* Supabase */; };
		F38CA8922E39F4570032E012 /* ShareExtension.appex in Embed Foundation Extensions */ = {isa = PBXBuildFile; fileRef = F38CA8882E39F4570032E012 /* ShareExtension.appex */; settings = {ATTRIBUTES = (RemoveHeadersOnCopy, ); }; };
/* End PBXBuildFile section */

/* Begin PBXContainerItemProxy section */
		F38CA8902E39F4570032E012 /* PBXContainerItemProxy */ = {
			isa = PBXContainerItemProxy;
			containerPortal = F373AE432E279E2B003A9876 /* Project object */;
			proxyType = 1;
			remoteGlobalIDString = F38CA8872E39F4570032E012;
			remoteInfo = ShareExtension;
		};
/* End PBXContainerItemProxy section */

/* Begin PBXCopyFilesBuildPhase section */
		F38CA8932E39F4570032E012 /* Embed Foundation Extensions */ = {
			isa = PBXCopyFilesBuildPhase;
			buildActionMask = 2147483647;
			dstPath = "";
			dstSubfolderSpec = 13;
			files = (
				F38CA8922E39F4570032E012 /* ShareExtension.appex in Embed Foundation Extensions */,
			);
			name = "Embed Foundation Extensions";
			runOnlyForDeploymentPostprocessing = 0;
		};
/* End PBXCopyFilesBuildPhase section */

/* Begin PBXFileReference section */
		F373AE4B2E279E2B003A9876 /* Turbodoc.app */ = {isa = PBXFileReference; explicitFileType = wrapper.application; includeInIndex = 0; path = Turbodoc.app; sourceTree = BUILT_PRODUCTS_DIR; };
		F38CA8882E39F4570032E012 /* ShareExtension.appex */ = {isa = PBXFileReference; explicitFileType = "wrapper.app-extension"; includeInIndex = 0; path = ShareExtension.appex; sourceTree = BUILT_PRODUCTS_DIR; };
/* End PBXFileReference section */

/* Begin PBXFileSystemSynchronizedBuildFileExceptionSet section */
		F38CA8962E39F4570032E012 /* Exceptions for "ShareExtension" folder in "ShareExtension" target */ = {
			isa = PBXFileSystemSynchronizedBuildFileExceptionSet;
			membershipExceptions = (
				Info.plist,
			);
			target = F38CA8872E39F4570032E012 /* ShareExtension */;
		};
		F3F0CD182E3A591F008737FE /* Exceptions for "Turbodoc" folder in "Turbodoc" target */ = {
			isa = PBXFileSystemSynchronizedBuildFileExceptionSet;
			membershipExceptions = (
				Info.plist,
			);
			target = F373AE4A2E279E2B003A9876 /* Turbodoc */;
		};
/* End PBXFileSystemSynchronizedBuildFileExceptionSet section */

/* Begin PBXFileSystemSynchronizedRootGroup section */
		F373AE4D2E279E2B003A9876 /* Turbodoc */ = {
			isa = PBXFileSystemSynchronizedRootGroup;
			exceptions = (
				F3F0CD182E3A591F008737FE /* Exceptions for "Turbodoc" folder in "Turbodoc" target */,
			);
			path = Turbodoc;
			sourceTree = "<group>";
		};
		F38CA8892E39F4570032E012 /* ShareExtension */ = {
			isa = PBXFileSystemSynchronizedRootGroup;
			exceptions = (
				F38CA8962E39F4570032E012 /* Exceptions for "ShareExtension" folder in "ShareExtension" target */,
			);
			path = ShareExtension;
			sourceTree = "<group>";
		};
/* End PBXFileSystemSynchronizedRootGroup section */

/* Begin PBXFrameworksBuildPhase section */
		F373AE482E279E2B003A9876 /* Frameworks */ = {
			isa = PBXFrameworksBuildPhase;
			buildActionMask = 2147483647;
			files = (
				F347940D2E27B05D00F21D47 /* PostgREST in Frameworks */,
				F347940B2E27B05D00F21D47 /* Functions in Frameworks */,
				F34794542E28F0A600F21D47 /* Supabase in Frameworks */,
				F34794092E27B05D00F21D47 /* Auth in Frameworks */,
				F34794112E27B05D00F21D47 /* Storage in Frameworks */,
				F347940F2E27B05D00F21D47 /* Realtime in Frameworks */,
			);
			runOnlyForDeploymentPostprocessing = 0;
		};
		F38CA8852E39F4570032E012 /* Frameworks */ = {
			isa = PBXFrameworksBuildPhase;
			buildActionMask = 2147483647;
			files = (
			);
			runOnlyForDeploymentPostprocessing = 0;
		};
/* End PBXFrameworksBuildPhase section */

/* Begin PBXGroup section */
		F34794522E28F0A600F21D47 /* Frameworks */ = {
			isa = PBXGroup;
			children = (
			);
			name = Frameworks;
			sourceTree = "<group>";
		};
		F373AE422E279E2B003A9876 = {
			isa = PBXGroup;
			children = (
				F373AE4D2E279E2B003A9876 /* Turbodoc */,
				F38CA8892E39F4570032E012 /* ShareExtension */,
				F34794522E28F0A600F21D47 /* Frameworks */,
				F373AE4C2E279E2B003A9876 /* Products */,
			);
			sourceTree = "<group>";
		};
		F373AE4C2E279E2B003A9876 /* Products */ = {
			isa = PBXGroup;
			children = (
				F373AE4B2E279E2B003A9876 /* Turbodoc.app */,
				F38CA8882E39F4570032E012 /* ShareExtension.appex */,
			);
			name = Products;
			sourceTree = "<group>";
		};
/* End PBXGroup section */

/* Begin PBXNativeTarget section */
		F373AE4A2E279E2B003A9876 /* Turbodoc */ = {
			isa = PBXNativeTarget;
			buildConfigurationList = F373AE582E279E2C003A9876 /* Build configuration list for PBXNativeTarget "Turbodoc" */;
			buildPhases = (
				F373AE472E279E2B003A9876 /* Sources */,
				F373AE482E279E2B003A9876 /* Frameworks */,
				F373AE492E279E2B003A9876 /* Resources */,
				F38CA8932E39F4570032E012 /* Embed Foundation Extensions */,
			);
			buildRules = (
			);
			dependencies = (
				F38CA8912E39F4570032E012 /* PBXTargetDependency */,
			);
			fileSystemSynchronizedGroups = (
				F373AE4D2E279E2B003A9876 /* Turbodoc */,
			);
			name = Turbodoc;
			packageProductDependencies = (
				F34794082E27B05D00F21D47 /* Auth */,
				F347940A2E27B05D00F21D47 /* Functions */,
				F347940C2E27B05D00F21D47 /* PostgREST */,
				F347940E2E27B05D00F21D47 /* Realtime */,
				F34794102E27B05D00F21D47 /* Storage */,
				F34794532E28F0A600F21D47 /* Supabase */,
			);
			productName = Turbodoc;
			productReference = F373AE4B2E279E2B003A9876 /* Turbodoc.app */;
			productType = "com.apple.product-type.application";
		};
		F38CA8872E39F4570032E012 /* ShareExtension */ = {
			isa = PBXNativeTarget;
			buildConfigurationList = F38CA8972E39F4570032E012 /* Build configuration list for PBXNativeTarget "ShareExtension" */;
			buildPhases = (
				F38CA8842E39F4570032E012 /* Sources */,
				F38CA8852E39F4570032E012 /* Frameworks */,
				F38CA8862E39F4570032E012 /* Resources */,
			);
			buildRules = (
			);
			dependencies = (
			);
			fileSystemSynchronizedGroups = (
				F38CA8892E39F4570032E012 /* ShareExtension */,
			);
			name = ShareExtension;
			packageProductDependencies = (
			);
			productName = ShareExtension;
			productReference = F38CA8882E39F4570032E012 /* ShareExtension.appex */;
			productType = "com.apple.product-type.app-extension";
		};
/* End PBXNativeTarget section */

/* Begin PBXProject section */
		F373AE432E279E2B003A9876 /* Project object */ = {
			isa = PBXProject;
			attributes = {
				BuildIndependentTargetsInParallel = 1;
				LastSwiftUpdateCheck = 1640;
				LastUpgradeCheck = 1640;
				TargetAttributes = {
					F373AE4A2E279E2B003A9876 = {
						CreatedOnToolsVersion = 16.4;
					};
					F38CA8872E39F4570032E012 = {
						CreatedOnToolsVersion = 16.4;
					};
				};
			};
			buildConfigurationList = F373AE462E279E2B003A9876 /* Build configuration list for PBXProject "Turbodoc" */;
			developmentRegion = en;
			hasScannedForEncodings = 0;
			knownRegions = (
				en,
				Base,
			);
			mainGroup = F373AE422E279E2B003A9876;
			minimizedProjectReferenceProxies = 1;
			packageReferences = (
				F34794072E27B05D00F21D47 /* XCRemoteSwiftPackageReference "supabase-swift" */,
			);
			preferredProjectObjectVersion = 77;
			productRefGroup = F373AE4C2E279E2B003A9876 /* Products */;
			projectDirPath = "";
			projectRoot = "";
			targets = (
				F373AE4A2E279E2B003A9876 /* Turbodoc */,
				F38CA8872E39F4570032E012 /* ShareExtension */,
			);
		};
/* End PBXProject section */

/* Begin PBXResourcesBuildPhase section */
		F373AE492E279E2B003A9876 /* Resources */ = {
			isa = PBXResourcesBuildPhase;
			buildActionMask = 2147483647;
			files = (
			);
			runOnlyForDeploymentPostprocessing = 0;
		};
		F38CA8862E39F4570032E012 /* Resources */ = {
			isa = PBXResourcesBuildPhase;
			buildActionMask = 2147483647;
			files = (
			);
			runOnlyForDeploymentPostprocessing = 0;
		};
/* End PBXResourcesBuildPhase section */

/* Begin PBXSourcesBuildPhase section */
		F373AE472E279E2B003A9876 /* Sources */ = {
			isa = PBXSourcesBuildPhase;
			buildActionMask = 2147483647;
			files = (
			);
			runOnlyForDeploymentPostprocessing = 0;
		};
		F38CA8842E39F4570032E012 /* Sources */ = {
			isa = PBXSourcesBuildPhase;
			buildActionMask = 2147483647;
			files = (
			);
			runOnlyForDeploymentPostprocessing = 0;
		};
/* End PBXSourcesBuildPhase section */

/* Begin PBXTargetDependency section */
		F38CA8912E39F4570032E012 /* PBXTargetDependency */ = {
			isa = PBXTargetDependency;
			target = F38CA8872E39F4570032E012 /* ShareExtension */;
			targetProxy = F38CA8902E39F4570032E012 /* PBXContainerItemProxy */;
		};
/* End PBXTargetDependency section */

/* Begin XCBuildConfiguration section */
		F373AE562E279E2C003A9876 /* Debug */ = {
			isa = XCBuildConfiguration;
			baseConfigurationReferenceAnchor = F373AE4D2E279E2B003A9876 /* Turbodoc */;
			baseConfigurationReferenceRelativePath = Configuration/Debug.xcconfig;
			buildSettings = {
				ALWAYS_SEARCH_USER_PATHS = NO;
				ASSETCATALOG_COMPILER_GENERATE_SWIFT_ASSET_SYMBOL_EXTENSIONS = YES;
				CLANG_ANALYZER_NONNULL = YES;
				CLANG_ANALYZER_NUMBER_OBJECT_CONVERSION = YES_AGGRESSIVE;
				CLANG_CXX_LANGUAGE_STANDARD = "gnu++20";
				CLANG_ENABLE_MODULES = YES;
				CLANG_ENABLE_OBJC_ARC = YES;
				CLANG_ENABLE_OBJC_WEAK = YES;
				CLANG_WARN_BLOCK_CAPTURE_AUTORELEASING = YES;
				CLANG_WARN_BOOL_CONVERSION = YES;
				CLANG_WARN_COMMA = YES;
				CLANG_WARN_CONSTANT_CONVERSION = YES;
				CLANG_WARN_DEPRECATED_OBJC_IMPLEMENTATIONS = YES;
				CLANG_WARN_DIRECT_OBJC_ISA_USAGE = YES_ERROR;
				CLANG_WARN_DOCUMENTATION_COMMENTS = YES;
				CLANG_WARN_EMPTY_BODY = YES;
				CLANG_WARN_ENUM_CONVERSION = YES;
				CLANG_WARN_INFINITE_RECURSION = YES;
				CLANG_WARN_INT_CONVERSION = YES;
				CLANG_WARN_NON_LITERAL_NULL_CONVERSION = YES;
				CLANG_WARN_OBJC_IMPLICIT_RETAIN_SELF = YES;
				CLANG_WARN_OBJC_LITERAL_CONVERSION = YES;
				CLANG_WARN_OBJC_ROOT_CLASS = YES_ERROR;
				CLANG_WARN_QUOTED_INCLUDE_IN_FRAMEWORK_HEADER = YES;
				CLANG_WARN_RANGE_LOOP_ANALYSIS = YES;
				CLANG_WARN_STRICT_PROTOTYPES = YES;
				CLANG_WARN_SUSPICIOUS_MOVE = YES;
				CLANG_WARN_UNGUARDED_AVAILABILITY = YES_AGGRESSIVE;
				CLANG_WARN_UNREACHABLE_CODE = YES;
				CLANG_WARN__DUPLICATE_METHOD_MATCH = YES;
				COPY_PHASE_STRIP = NO;
				DEBUG_INFORMATION_FORMAT = dwarf;
				DEVELOPMENT_TEAM = 7NA9PJ7WYB;
				ENABLE_STRICT_OBJC_MSGSEND = YES;
				ENABLE_TESTABILITY = YES;
				ENABLE_USER_SCRIPT_SANDBOXING = YES;
				GCC_C_LANGUAGE_STANDARD = gnu17;
				GCC_DYNAMIC_NO_PIC = NO;
				GCC_NO_COMMON_BLOCKS = YES;
				GCC_OPTIMIZATION_LEVEL = 0;
				GCC_PREPROCESSOR_DEFINITIONS = (
					"DEBUG=1",
					"$(inherited)",
				);
				GCC_WARN_64_TO_32_BIT_CONVERSION = YES;
				GCC_WARN_ABOUT_RETURN_TYPE = YES_ERROR;
				GCC_WARN_UNDECLARED_SELECTOR = YES;
				GCC_WARN_UNINITIALIZED_AUTOS = YES_AGGRESSIVE;
				GCC_WARN_UNUSED_FUNCTION = YES;
				GCC_WARN_UNUSED_VARIABLE = YES;
				IPHONEOS_DEPLOYMENT_TARGET = 18.5;
				LOCALIZATION_PREFERS_STRING_CATALOGS = YES;
				MTL_ENABLE_DEBUG_INFO = INCLUDE_SOURCE;
				MTL_FAST_MATH = YES;
				ONLY_ACTIVE_ARCH = YES;
				SDKROOT = iphoneos;
				SWIFT_ACTIVE_COMPILATION_CONDITIONS = "DEBUG $(inherited)";
				SWIFT_OPTIMIZATION_LEVEL = "-Onone";
			};
			name = Debug;
		};
		F373AE572E279E2C003A9876 /* Release */ = {
			isa = XCBuildConfiguration;
			baseConfigurationReferenceAnchor = F373AE4D2E279E2B003A9876 /* Turbodoc */;
			baseConfigurationReferenceRelativePath = Configuration/Release.xcconfig;
			buildSettings = {
				ALWAYS_SEARCH_USER_PATHS = NO;
				ASSETCATALOG_COMPILER_GENERATE_SWIFT_ASSET_SYMBOL_EXTENSIONS = YES;
				CLANG_ANALYZER_NONNULL = YES;
				CLANG_ANALYZER_NUMBER_OBJECT_CONVERSION = YES_AGGRESSIVE;
				CLANG_CXX_LANGUAGE_STANDARD = "gnu++20";
				CLANG_ENABLE_MODULES = YES;
				CLANG_ENABLE_OBJC_ARC = YES;
				CLANG_ENABLE_OBJC_WEAK = YES;
				CLANG_WARN_BLOCK_CAPTURE_AUTORELEASING = YES;
				CLANG_WARN_BOOL_CONVERSION = YES;
				CLANG_WARN_COMMA = YES;
				CLANG_WARN_CONSTANT_CONVERSION = YES;
				CLANG_WARN_DEPRECATED_OBJC_IMPLEMENTATIONS = YES;
				CLANG_WARN_DIRECT_OBJC_ISA_USAGE = YES_ERROR;
				CLANG_WARN_DOCUMENTATION_COMMENTS = YES;
				CLANG_WARN_EMPTY_BODY = YES;
				CLANG_WARN_ENUM_CONVERSION = YES;
				CLANG_WARN_INFINITE_RECURSION = YES;
				CLANG_WARN_INT_CONVERSION = YES;
				CLANG_WARN_NON_LITERAL_NULL_CONVERSION = YES;
				CLANG_WARN_OBJC_IMPLICIT_RETAIN_SELF = YES;
				CLANG_WARN_OBJC_LITERAL_CONVERSION = YES;
				CLANG_WARN_OBJC_ROOT_CLASS = YES_ERROR;
				CLANG_WARN_QUOTED_INCLUDE_IN_FRAMEWORK_HEADER = YES;
				CLANG_WARN_RANGE_LOOP_ANALYSIS = YES;
				CLANG_WARN_STRICT_PROTOTYPES = YES;
				CLANG_WARN_SUSPICIOUS_MOVE = YES;
				CLANG_WARN_UNGUARDED_AVAILABILITY = YES_AGGRESSIVE;
				CLANG_WARN_UNREACHABLE_CODE = YES;
				CLANG_WARN__DUPLICATE_METHOD_MATCH = YES;
				COPY_PHASE_STRIP = NO;
				DEBUG_INFORMATION_FORMAT = "dwarf-with-dsym";
				DEVELOPMENT_TEAM = 7NA9PJ7WYB;
				ENABLE_NS_ASSERTIONS = NO;
				ENABLE_STRICT_OBJC_MSGSEND = YES;
				ENABLE_USER_SCRIPT_SANDBOXING = YES;
				GCC_C_LANGUAGE_STANDARD = gnu17;
				GCC_NO_COMMON_BLOCKS = YES;
				GCC_WARN_64_TO_32_BIT_CONVERSION = YES;
				GCC_WARN_ABOUT_RETURN_TYPE = YES_ERROR;
				GCC_WARN_UNDECLARED_SELECTOR = YES;
				GCC_WARN_UNINITIALIZED_AUTOS = YES_AGGRESSIVE;
				GCC_WARN_UNUSED_FUNCTION = YES;
				GCC_WARN_UNUSED_VARIABLE = YES;
				IPHONEOS_DEPLOYMENT_TARGET = 18.5;
				LOCALIZATION_PREFERS_STRING_CATALOGS = YES;
				MTL_ENABLE_DEBUG_INFO = NO;
				MTL_FAST_MATH = YES;
				SDKROOT = iphoneos;
				SWIFT_COMPILATION_MODE = wholemodule;
				VALIDATE_PRODUCT = YES;
			};
			name = Release;
		};
		F373AE592E279E2C003A9876 /* Debug */ = {
			isa = XCBuildConfiguration;
			baseConfigurationReferenceAnchor = F373AE4D2E279E2B003A9876 /* Turbodoc */;
			baseConfigurationReferenceRelativePath = Configuration/Debug.xcconfig;
			buildSettings = {
				ASSETCATALOG_COMPILER_APPICON_NAME = AppIcon;
				ASSETCATALOG_COMPILER_GLOBAL_ACCENT_COLOR_NAME = AccentColor;
				ASSETCATALOG_COMPILER_INCLUDE_ALL_APPICON_ASSETS = NO;
				CODE_SIGN_ENTITLEMENTS = Turbodoc/Turbodoc.entitlements;
				CODE_SIGN_STYLE = Automatic;
				CURRENT_PROJECT_VERSION = 1;
				DEVELOPMENT_TEAM = 7NA9PJ7WYB;
				ENABLE_PREVIEWS = YES;
				GENERATE_INFOPLIST_FILE = YES;
				INFOPLIST_FILE = Turbodoc/Info.plist;
				INFOPLIST_KEY_ITSAppUsesNonExemptEncryption = NO;
				INFOPLIST_KEY_LSApplicationCategoryType = "public.app-category.productivity";
				INFOPLIST_KEY_NSCameraUsageDescription = "Turbodoc needs access to your camera to capture photos for notes.";
				INFOPLIST_KEY_NSMicrophoneUsageDescription = "Turbodoc needs access to your microphone to record voice notes.";
				INFOPLIST_KEY_NSPhotoLibraryUsageDescription = "Turbodoc needs access to your photo library to add photos to notes.";
				INFOPLIST_KEY_NSSpeechRecognitionUsageDescription = "Turbodoc uses speech recognition to transcribe your voice notes.";
				INFOPLIST_KEY_UIApplicationSceneManifest_Generation = YES;
				INFOPLIST_KEY_UIApplicationSupportsIndirectInputEvents = YES;
				INFOPLIST_KEY_UILaunchScreen_Generation = YES;
				INFOPLIST_KEY_UILaunchStoryboardName = LaunchScreen.storyboard;
				INFOPLIST_KEY_UISupportedInterfaceOrientations = UIInterfaceOrientationPortrait;
				INFOPLIST_KEY_UISupportedInterfaceOrientations_iPad = "UIInterfaceOrientationLandscapeLeft UIInterfaceOrientationLandscapeRight UIInterfaceOrientationPortrait UIInterfaceOrientationPortraitUpsideDown";
				LD_RUNPATH_SEARCH_PATHS = (
					"$(inherited)",
					"@executable_path/Frameworks",
				);
				MARKETING_VERSION = 1.3;
				PRODUCT_BUNDLE_IDENTIFIER = ai.turbodoc.ios.TurbodocApp;
				PRODUCT_NAME = "$(TARGET_NAME)";
				SUPPORTED_PLATFORMS = "iphoneos iphonesimulator";
				SUPPORTS_MACCATALYST = NO;
				SUPPORTS_MAC_DESIGNED_FOR_IPHONE_IPAD = NO;
				SUPPORTS_XR_DESIGNED_FOR_IPHONE_IPAD = NO;
				SWIFT_EMIT_LOC_STRINGS = YES;
				SWIFT_VERSION = 5.0;
				TARGETED_DEVICE_FAMILY = 1;
			};
			name = Debug;
		};
		F373AE5A2E279E2C003A9876 /* Release */ = {
			isa = XCBuildConfiguration;
			baseConfigurationReferenceAnchor = F373AE4D2E279E2B003A9876 /* Turbodoc */;
			baseConfigurationReferenceRelativePath = Configuration/Release.xcconfig;
			buildSettings = {
				ASSETCATALOG_COMPILER_APPICON_NAME = AppIcon;
				ASSETCATALOG_COMPILER_GLOBAL_ACCENT_COLOR_NAME = AccentColor;
				ASSETCATALOG_COMPILER_INCLUDE_ALL_APPICON_ASSETS = NO;
				CODE_SIGN_ENTITLEMENTS = Turbodoc/Turbodoc.entitlements;
				CODE_SIGN_STYLE = Automatic;
				CURRENT_PROJECT_VERSION = 1;
				DEVELOPMENT_TEAM = 7NA9PJ7WYB;
				ENABLE_PREVIEWS = YES;
				GENERATE_INFOPLIST_FILE = YES;
				INFOPLIST_FILE = Turbodoc/Info.plist;
				INFOPLIST_KEY_ITSAppUsesNonExemptEncryption = NO;
				INFOPLIST_KEY_LSApplicationCategoryType = "public.app-category.productivity";
				INFOPLIST_KEY_NSCameraUsageDescription = "Turbodoc needs access to your camera to capture photos for notes.";
				INFOPLIST_KEY_NSMicrophoneUsageDescription = "Turbodoc needs access to your microphone to record voice notes.";
				INFOPLIST_KEY_NSPhotoLibraryUsageDescription = "Turbodoc needs access to your photo library to add photos to notes.";
				INFOPLIST_KEY_NSSpeechRecognitionUsageDescription = "Turbodoc uses speech recognition to transcribe your voice notes.";
				INFOPLIST_KEY_UIApplicationSceneManifest_Generation = YES;
				INFOPLIST_KEY_UIApplicationSupportsIndirectInputEvents = YES;
				INFOPLIST_KEY_UILaunchScreen_Generation = YES;
				INFOPLIST_KEY_UILaunchStoryboardName = LaunchScreen.storyboard;
				INFOPLIST_KEY_UISupportedInterfaceOrientations = UIInterfaceOrientationPortrait;
				INFOPLIST_KEY_UISupportedInterfaceOrientations_iPad = "UIInterfaceOrientationLandscapeLeft UIInterfaceOrientationLandscapeRight UIInterfaceOrientationPortrait UIInterfaceOrientationPortraitUpsideDown";
				LD_RUNPATH_SEARCH_PATHS = (
					"$(inherited)",
					"@executable_path/Frameworks",
				);
				MARKETING_VERSION = 1.3;
				PRODUCT_BUNDLE_IDENTIFIER = ai.turbodoc.ios.TurbodocApp;
				PRODUCT_NAME = "$(TARGET_NAME)";
				SUPPORTED_PLATFORMS = "iphoneos iphonesimulator";
				SUPPORTS_MACCATALYST = NO;
				SUPPORTS_MAC_DESIGNED_FOR_IPHONE_IPAD = NO;
				SUPPORTS_XR_DESIGNED_FOR_IPHONE_IPAD = NO;
				SWIFT_EMIT_LOC_STRINGS = YES;
				SWIFT_VERSION = 5.0;
				TARGETED_DEVICE_FAMILY = 1;
			};
			name = Release;
		};
		F38CA8942E39F4570032E012 /* Debug */ = {
			isa = XCBuildConfiguration;
			buildSettings = {
				CODE_SIGN_ENTITLEMENTS = ShareExtension/ShareExtension.entitlements;
				CODE_SIGN_STYLE = Automatic;
				CURRENT_PROJECT_VERSION = 2;
				DEVELOPMENT_TEAM = 7NA9PJ7WYB;
				GENERATE_INFOPLIST_FILE = YES;
				INFOPLIST_FILE = ShareExtension/Info.plist;
				INFOPLIST_KEY_CFBundleDisplayName = ShareExtension;
				INFOPLIST_KEY_NSHumanReadableCopyright = "";
				LD_RUNPATH_SEARCH_PATHS = (
					"$(inherited)",
					"@executable_path/Frameworks",
					"@executable_path/../../Frameworks",
				);
				MARKETING_VERSION = 1.3;
				PRODUCT_BUNDLE_IDENTIFIER = ai.turbodoc.ios.TurbodocApp.ShareExtension;
				PRODUCT_NAME = "$(TARGET_NAME)";
				SKIP_INSTALL = YES;
				SWIFT_EMIT_LOC_STRINGS = YES;
				SWIFT_VERSION = 5.0;
				TARGETED_DEVICE_FAMILY = "1,2";
			};
			name = Debug;
		};
		F38CA8952E39F4570032E012 /* Release */ = {
			isa = XCBuildConfiguration;
			buildSettings = {
				CODE_SIGN_ENTITLEMENTS = ShareExtension/ShareExtension.entitlements;
				CODE_SIGN_STYLE = Automatic;
				CURRENT_PROJECT_VERSION = 2;
				DEVELOPMENT_TEAM = 7NA9PJ7WYB;
				GENERATE_INFOPLIST_FILE = YES;
				INFOPLIST_FILE = ShareExtension/Info.plist;
				INFOPLIST_KEY_CFBundleDisplayName = ShareExtension;
				INFOPLIST_KEY_NSHumanReadableCopyright = "";
				LD_RUNPATH_SEARCH_PATHS = (
					"$(inherited)",
					"@executable_path/Frameworks",
					"@executable_path/../../Frameworks",
				);
				MARKETING_VERSION = 1.3;
				PRODUCT_BUNDLE_IDENTIFIER = ai.turbodoc.ios.TurbodocApp.ShareExtension;
				PRODUCT_NAME = "$(TARGET_NAME)";
				SKIP_INSTALL = YES;
				SWIFT_EMIT_LOC_STRINGS = YES;
				SWIFT_VERSION = 5.0;
				TARGETED_DEVICE_FAMILY = "1,2";
			};
			name = Release;
		};
/* End XCBuildConfiguration section */

/* Begin XCConfigurationList section */
		F373AE462E279E2B003A9876 /* Build configuration list for PBXProject "Turbodoc" */ = {
			isa = XCConfigurationList;
			buildConfigurations = (
				F373AE562E279E2C003A9876 /* Debug */,
				F373AE572E279E2C003A9876 /* Release */,
			);
			defaultConfigurationIsVisible = 0;
			defaultConfigurationName = Release;
		};
		F373AE582E279E2C003A9876 /* Build configuration list for PBXNativeTarget "Turbodoc" */ = {
			isa = XCConfigurationList;
			buildConfigurations = (
				F373AE592E279E2C003A9876 /* Debug */,
				F373AE5A2E279E2C003A9876 /* Release */,
			);
			defaultConfigurationIsVisible = 0;
			defaultConfigurationName = Release;
		};
		F38CA8972E39F4570032E012 /* Build configuration list for PBXNativeTarget "ShareExtension" */ = {
			isa = XCConfigurationList;
			buildConfigurations = (
				F38CA8942E39F4570032E012 /* Debug */,
				F38CA8952E39F4570032E012 /* Release */,
			);
			defaultConfigurationIsVisible = 0;
			defaultConfigurationName = Release;
		};
/* End XCConfigurationList section */

/* Begin XCRemoteSwiftPackageReference section */
		F34794072E27B05D00F21D47 /* XCRemoteSwiftPackageReference "supabase-swift" */ = {
			isa = XCRemoteSwiftPackageReference;
			repositoryURL = "https://github.com/supabase/supabase-swift.git";
			requirement = {
				kind = upToNextMajorVersion;
				minimumVersion = 2.5.1;
			};
		};
/* End XCRemoteSwiftPackageReference section */

/* Begin XCSwiftPackageProductDependency section */
		F34794082E27B05D00F21D47 /* Auth */ = {
			isa = XCSwiftPackageProductDependency;
			package = F34794072E27B05D00F21D47 /* XCRemoteSwiftPackageReference "supabase-swift" */;
			productName = Auth;
		};
		F347940A2E27B05D00F21D47 /* Functions */ = {
			isa = XCSwiftPackageProductDependency;
			package = F34794072E27B05D00F21D47 /* XCRemoteSwiftPackageReference "supabase-swift" */;
			productName = Functions;
		};
		F347940C2E27B05D00F21D47 /* PostgREST */ = {
			isa = XCSwiftPackageProductDependency;
			package = F34794072E27B05D00F21D47 /* XCRemoteSwiftPackageReference "supabase-swift" */;
			productName = PostgREST;
		};
		F347940E2E27B05D00F21D47 /* Realtime */ = {
			isa = XCSwiftPackageProductDependency;
			package = F34794072E27B05D00F21D47 /* XCRemoteSwiftPackageReference "supabase-swift" */;
			productName = Realtime;
		};
		F34794102E27B05D00F21D47 /* Storage */ = {
			isa = XCSwiftPackageProductDependency;
			package = F34794072E27B05D00F21D47 /* XCRemoteSwiftPackageReference "supabase-swift" */;
			productName = Storage;
		};
		F34794532E28F0A600F21D47 /* Supabase */ = {
			isa = XCSwiftPackageProductDependency;
			package = F34794072E27B05D00F21D47 /* XCRemoteSwiftPackageReference "supabase-swift" */;
			productName = Supabase;
		};
/* End XCSwiftPackageProductDependency section */
	};
	rootObject = F373AE432E279E2B003A9876 /* Project object */;
}
